
Microsoft Visual Studio Solution File, Format Version 12.00
# Visual Studio Version 17
VisualStudioVersion = 17.11.35327.3
MinimumVisualStudioVersion = 10.0.40219.1
Project("{FAE04EC0-301F-11D3-BF4B-00C04F79EFBC}") = "Assignment2_1_1", "Assignment2_1_1.csproj", "{13C9D5DD-58D6-4E59-861C-D9D68A2B29CF}"
EndProject
Global
	GlobalSection(SolutionConfigurationPlatforms) = preSolution
		Debug|Any CPU = Debug|Any CPU
		Release|Any CPU = Release|Any CPU
	EndGlobalSection
	GlobalSection(ProjectConfigurationPlatforms) = postSolution
		{13C9D5DD-58D6-4E59-861C-D9D68A2B29CF}.Debug|Any CPU.ActiveCfg = Debug|Any CPU
		{13C9D5DD-58D6-4E59-861C-D9D68A2B29CF}.Debug|Any CPU.Build.0 = Debug|Any CPU
		{13C9D5DD-58D6-4E59-861C-D9D68A2B29CF}.Release|Any CPU.ActiveCfg = Release|Any CPU
		{13C9D5DD-58D6-4E59-861C-D9D68A2B29CF}.Release|Any CPU.Build.0 = Release|Any CPU
	EndGlobalSection
	GlobalSection(SolutionProperties) = preSolution
		HideSolutionNode = FALSE
	EndGlobalSection
	GlobalSection(ExtensibilityGlobals) = postSolution
		SolutionGuid = {54E5D4B9-EF87-41FD-88C2-551BC823714D}
	EndGlobalSection
EndGlobal
